
Microsoft Visual Studio Solution File, Format Version 12.00
Project("{FAE04EC0-301F-11D3-BF4B-00C04F79EFBC}") = "Calculator", "Calculator\Calculator.csproj", "{EE03AE02-5704-417D-8D02-9E85498A5E6D}"
EndProject
Global
	GlobalSection(SolutionConfigurationPlatforms) = preSolution
		Debug|Any CPU = Debug|Any CPU
		Release|Any CPU = Release|Any CPU
	EndGlobalSection
	GlobalSection(ProjectConfigurationPlatforms) = postSolution
		{EE03AE02-5704-417D-8D02-9E85498A5E6D}.Debug|Any CPU.ActiveCfg = Debug|Any CPU
		{EE03AE02-5704-417D-8D02-9E85498A5E6D}.Debug|Any CPU.Build.0 = Debug|Any CPU
		{EE03AE02-5704-417D-8D02-9E85498A5E6D}.Release|Any CPU.ActiveCfg = Release|Any CPU
		{EE03AE02-5704-417D-8D02-9E85498A5E6D}.Release|Any CPU.Build.0 = Release|Any CPU
	EndGlobalSection
EndGlobal
